{
    "_readme": [
        "This file locks the dependencies of your project to a known state",
        "Read more about it at https://getcomposer.org/doc/01-basic-usage.md#installing-dependencies",
        "This file is @generated automatically"
    ],
    "content-hash": "338de5fbb6b464e5b073ffeaf0df2fe8",
    "packages": [
        {
            "name": "wsdltophp/packagebase",
            "version": "5.0.4",
            "source": {
                "type": "git",
                "url": "https://github.com/WsdlToPhp/PackageBase.git",
                "reference": "d2ac19eec63714da3ef8b8eecd529922cb44e26d"
            },
            "dist": {
                "type": "zip",
                "url": "https://api.github.com/repos/WsdlToPhp/PackageBase/zipball/d2ac19eec63714da3ef8b8eecd529922cb44e26d",
                "reference": "d2ac19eec63714da3ef8b8eecd529922cb44e26d",
                "shasum": ""
            },
            "require": {
                "ext-dom": "*",
                "ext-json": "*",
                "ext-soap": "*",
                "php": ">=7.4"
            },
            "require-dev": {
                "friendsofphp/php-cs-fixer": "~3.0",
                "phpstan/phpstan": "^1.4",
                "phpunit/phpunit": "^9"
            },
            "type": "library",
            "autoload": {
                "psr-4": {
                    "WsdlToPhp\\PackageBase\\": "src"
                }
            },
            "notification-url": "https://packagist.org/downloads/",
            "license": [
                "MIT"
            ],
            "authors": [
                {
                    "name": "Mikaël DELSOL",
                    "email": "contact@wsdltophp.com",
                    "role": "Owner"
                },
                {
                    "name": "Luke Rodgers",
                    "email": "lukerodgers90@gmail.com",
                    "role": "Contributor"
                },
                {
                    "name": "Arthur Moore",
                    "email": "github@cd-net.net",
                    "role": "Contributor"
                },
                {
                    "name": "Necati Yared Ozal",
                    "email": "mail@necatiozal.com",
                    "role": "Contributor"
                },
                {
                    "name": "Gemorroj",
                    "email": "wapinet@mail.ru",
                    "role": "Contributor"
                },
                {
                    "name": "hordijk",
                    "role": "Contributor"
                },
                {
                    "name": "Jacob Dreesen",
                    "email": "jacob.dreesen@gmail.com",
                    "role": "Contributor"
                },
                {
                    "name": "Karl Pierce",
                    "email": "kpierce@ratespecial.com",
                    "role": "Contributor"
                },
                {
                    "name": "maurobn",
                    "role": "Contributor"
                },
                {
                    "name": "Christo Yovev",
                    "role": "Contributor"
                }
            ],
            "description": "Contains the base classes to be used by classes generated by wsdltophp/packagegenerator",
            "homepage": "https://github.com/WsdlToPhp/PackageBase",
            "keywords": [
                "models",
                "php"
            ],
            "support": {
                "email": "contact@wsdltophp.com",
                "issues": "https://github.com/WsdlToPhp/PackageBase/issues",
                "source": "https://github.com/WsdlToPhp/PackageBase/tree/5.0.4"
            },
            "time": "2024-02-05T22:04:31+00:00"
        }
    ],
    "packages-dev": [],
    "aliases": [],
    "minimum-stability": "stable",
    "stability-flags": [],
    "prefer-stable": false,
    "prefer-lowest": false,
    "platform": {
        "php": ">=7.4",
        "ext-dom": "*",
        "ext-mbstring": "*",
        "ext-soap": "*"
    },
    "platform-dev": [],
    "plugin-api-version": "2.6.0"
}
